// !$*UTF8*$!
{
	archiveVersion = 1;
	classes = {
	};
	objectVersion = 46;
	objects = {

/* Begin PBXBuildFile section */
		1AAA52323184F2DB67FF6E01 /* Pods_swiftsampleprojectUITests.framework in Frameworks */ = {isa = PBXBuildFile; fileRef = 854C50F10B9A9F013879B4D7 /* Pods_swiftsampleprojectUITests.framework */; };
		3C0690D71E3E698900C24AEA /* Networking.swift in Sources */ = {isa = PBXBuildFile; fileRef = 3C0690D61E3E698900C24AEA /* Networking.swift */; };
		3C16D8B91E39370100452DF1 /* Assets.xcassets in Resources */ = {isa = PBXBuildFile; fileRef = 3C16D8841E39370100452DF1 /* Assets.xcassets */; };
		3C16D8BA1E39370100452DF1 /* LaunchScreen.storyboard in Resources */ = {isa = PBXBuildFile; fileRef = 3C16D8851E39370100452DF1 /* LaunchScreen.storyboard */; };
		3C16D8BB1E39370100452DF1 /* Main.storyboard in Resources */ = {isa = PBXBuildFile; fileRef = 3C16D8871E39370100452DF1 /* Main.storyboard */; };
		3C16D8BC1E39370100452DF1 /* AppDelegate.swift in Sources */ = {isa = PBXBuildFile; fileRef = 3C16D88A1E39370100452DF1 /* AppDelegate.swift */; };
		3C16D8BE1E39370800452DF1 /* AppDelegate.swift in Sources */ = {isa = PBXBuildFile; fileRef = 3C16D88A1E39370100452DF1 /* AppDelegate.swift */; };
		3C16D8BF1E39371500452DF1 /* Assets.xcassets in Resources */ = {isa = PBXBuildFile; fileRef = 3C16D8841E39370100452DF1 /* Assets.xcassets */; };
		3C2396A71E3E760500E8F832 /* DataCoordinator.swift in Sources */ = {isa = PBXBuildFile; fileRef = 3C2396A61E3E760500E8F832 /* DataCoordinator.swift */; };
		3C2396AB1E3E768200E8F832 /* ComicsListViewController.swift in Sources */ = {isa = PBXBuildFile; fileRef = 3C2396AA1E3E768200E8F832 /* ComicsListViewController.swift */; };
		3C2396B01E3E77E300E8F832 /* Comic.swift in Sources */ = {isa = PBXBuildFile; fileRef = 3C2396AF1E3E77E300E8F832 /* Comic.swift */; };
		3C2396B11E3E77E300E8F832 /* Comic.swift in Sources */ = {isa = PBXBuildFile; fileRef = 3C2396AF1E3E77E300E8F832 /* Comic.swift */; };
		3C2396B41E3E7AD400E8F832 /* SettingsManager.swift in Sources */ = {isa = PBXBuildFile; fileRef = 3C2396B31E3E7AD400E8F832 /* SettingsManager.swift */; };
		3C2396B51E3E7AD400E8F832 /* SettingsManager.swift in Sources */ = {isa = PBXBuildFile; fileRef = 3C2396B31E3E7AD400E8F832 /* SettingsManager.swift */; };
		3C2396B71E3E7C3800E8F832 /* SettingsViewController.swift in Sources */ = {isa = PBXBuildFile; fileRef = 3C2396B61E3E7C3800E8F832 /* SettingsViewController.swift */; };
		3C2396B81E3E7C3800E8F832 /* SettingsViewController.swift in Sources */ = {isa = PBXBuildFile; fileRef = 3C2396B61E3E7C3800E8F832 /* SettingsViewController.swift */; };
		3C2396BA1E3EB1EC00E8F832 /* ServiceProtocols.swift in Sources */ = {isa = PBXBuildFile; fileRef = 3C2396B91E3EB1EC00E8F832 /* ServiceProtocols.swift */; };
		3C2396BB1E3EB1EC00E8F832 /* ServiceProtocols.swift in Sources */ = {isa = PBXBuildFile; fileRef = 3C2396B91E3EB1EC00E8F832 /* ServiceProtocols.swift */; };
		3C5F5BAA1E4084D500F1725A /* LocalStorage.swift in Sources */ = {isa = PBXBuildFile; fileRef = 3C5F5BA91E4084D500F1725A /* LocalStorage.swift */; };
		3C7264281E3A7BDC00C2D0A5 /* Settings.swift in Sources */ = {isa = PBXBuildFile; fileRef = 3C7264271E3A7BDC00C2D0A5 /* Settings.swift */; };
		3C72642A1E3A7F8600C2D0A5 /* Constants.swift in Sources */ = {isa = PBXBuildFile; fileRef = 3C7264291E3A7F8600C2D0A5 /* Constants.swift */; };
		3CA42BDD1E2BE21A001FB6DE /* swiftsampleprojectTests.swift in Sources */ = {isa = PBXBuildFile; fileRef = 3CA42BDC1E2BE21A001FB6DE /* swiftsampleprojectTests.swift */; };
		3CA42BE81E2BE21A001FB6DE /* swiftsampleprojectUITests.swift in Sources */ = {isa = PBXBuildFile; fileRef = 3CA42BE71E2BE21A001FB6DE /* swiftsampleprojectUITests.swift */; };
		3CDD1DCD1E4135F900C1D0AF /* StartingViewController.swift in Sources */ = {isa = PBXBuildFile; fileRef = 3CDD1DCC1E4135F900C1D0AF /* StartingViewController.swift */; };
		3CDD1DCE1E4135F900C1D0AF /* StartingViewController.swift in Sources */ = {isa = PBXBuildFile; fileRef = 3CDD1DCC1E4135F900C1D0AF /* StartingViewController.swift */; };
		3CDD1DD11E41365100C1D0AF /* AppController.swift in Sources */ = {isa = PBXBuildFile; fileRef = 3CDD1DD01E41365100C1D0AF /* AppController.swift */; };
		3CDD1DD21E41365100C1D0AF /* AppController.swift in Sources */ = {isa = PBXBuildFile; fileRef = 3CDD1DD01E41365100C1D0AF /* AppController.swift */; };
		3CEB1F431E40A45300BB718E /* RLMComic.swift in Sources */ = {isa = PBXBuildFile; fileRef = 3CEB1F421E40A45300BB718E /* RLMComic.swift */; };
		3CEB1F441E40A45300BB718E /* RLMComic.swift in Sources */ = {isa = PBXBuildFile; fileRef = 3CEB1F421E40A45300BB718E /* RLMComic.swift */; };
		4D53CE577EEC344C7078F304 /* Pods_swiftsampleproject.framework in Frameworks */ = {isa = PBXBuildFile; fileRef = 84EA1460DA83940A78CA1265 /* Pods_swiftsampleproject.framework */; };
		B2A56CBDC8B5C31C22618297 /* Pods_swiftsampleprojectTests.framework in Frameworks */ = {isa = PBXBuildFile; fileRef = 9CD3BFD42FC50C3C30CF4D1F /* Pods_swiftsampleprojectTests.framework */; };
/* End PBXBuildFile section */

/* Begin PBXContainerItemProxy section */
		3CA42BD91E2BE21A001FB6DE /* PBXContainerItemProxy */ = {
			isa = PBXContainerItemProxy;
			containerPortal = 3CA42BBC1E2BE219001FB6DE /* Project object */;
			proxyType = 1;
			remoteGlobalIDString = 3CA42BC31E2BE219001FB6DE;
			remoteInfo = swiftsampleproject;
		};
		3CA42BE41E2BE21A001FB6DE /* PBXContainerItemProxy */ = {
			isa = PBXContainerItemProxy;
			containerPortal = 3CA42BBC1E2BE219001FB6DE /* Project object */;
			proxyType = 1;
			remoteGlobalIDString = 3CA42BC31E2BE219001FB6DE;
			remoteInfo = swiftsampleproject;
		};
/* End PBXContainerItemProxy section */

/* Begin PBXFileReference section */
		3513348595CDC06F32ECC043 /* Pods-swiftsampleprojectTests.debug.xcconfig */ = {isa = PBXFileReference; includeInIndex = 1; lastKnownFileType = text.xcconfig; name = "Pods-swiftsampleprojectTests.debug.xcconfig"; path = "Pods/Target Support Files/Pods-swiftsampleprojectTests/Pods-swiftsampleprojectTests.debug.xcconfig"; sourceTree = "<group>"; };
		3C0690D61E3E698900C24AEA /* Networking.swift */ = {isa = PBXFileReference; fileEncoding = 4; lastKnownFileType = sourcecode.swift; path = Networking.swift; sourceTree = "<group>"; };
		3C16D8181E39370100452DF1 /* .gitkeep */ = {isa = PBXFileReference; fileEncoding = 4; lastKnownFileType = text; path = .gitkeep; sourceTree = "<group>"; };
		3C16D81B1E39370100452DF1 /* .gitkeep */ = {isa = PBXFileReference; fileEncoding = 4; lastKnownFileType = text; path = .gitkeep; sourceTree = "<group>"; };
		3C16D8231E39370100452DF1 /* .gitkeep */ = {isa = PBXFileReference; fileEncoding = 4; lastKnownFileType = text; path = .gitkeep; sourceTree = "<group>"; };
		3C16D8251E39370100452DF1 /* .gitkeep */ = {isa = PBXFileReference; fileEncoding = 4; lastKnownFileType = text; path = .gitkeep; sourceTree = "<group>"; };
		3C16D82F1E39370100452DF1 /* .gitkeep */ = {isa = PBXFileReference; fileEncoding = 4; lastKnownFileType = text; path = .gitkeep; sourceTree = "<group>"; };
		3C16D8311E39370100452DF1 /* .gitkeep */ = {isa = PBXFileReference; fileEncoding = 4; lastKnownFileType = text; path = .gitkeep; sourceTree = "<group>"; };
		3C16D8351E39370100452DF1 /* .gitkeep */ = {isa = PBXFileReference; fileEncoding = 4; lastKnownFileType = text; path = .gitkeep; sourceTree = "<group>"; };
		3C16D8371E39370100452DF1 /* .gitkeep */ = {isa = PBXFileReference; fileEncoding = 4; lastKnownFileType = text; path = .gitkeep; sourceTree = "<group>"; };
		3C16D8391E39370100452DF1 /* .gitkeep */ = {isa = PBXFileReference; fileEncoding = 4; lastKnownFileType = text; path = .gitkeep; sourceTree = "<group>"; };
		3C16D83D1E39370100452DF1 /* .gitkeep */ = {isa = PBXFileReference; fileEncoding = 4; lastKnownFileType = text; path = .gitkeep; sourceTree = "<group>"; };
		3C16D8401E39370100452DF1 /* .gitkeep */ = {isa = PBXFileReference; fileEncoding = 4; lastKnownFileType = text; path = .gitkeep; sourceTree = "<group>"; };
		3C16D8431E39370100452DF1 /* .gitkeep */ = {isa = PBXFileReference; fileEncoding = 4; lastKnownFileType = text; path = .gitkeep; sourceTree = "<group>"; };
		3C16D8451E39370100452DF1 /* .gitkeep */ = {isa = PBXFileReference; fileEncoding = 4; lastKnownFileType = text; path = .gitkeep; sourceTree = "<group>"; };
		3C16D8481E39370100452DF1 /* .gitkeep */ = {isa = PBXFileReference; fileEncoding = 4; lastKnownFileType = text; path = .gitkeep; sourceTree = "<group>"; };
		3C16D84A1E39370100452DF1 /* .gitkeep */ = {isa = PBXFileReference; fileEncoding = 4; lastKnownFileType = text; path = .gitkeep; sourceTree = "<group>"; };
		3C16D84C1E39370100452DF1 /* .gitkeep */ = {isa = PBXFileReference; fileEncoding = 4; lastKnownFileType = text; path = .gitkeep; sourceTree = "<group>"; };
		3C16D84F1E39370100452DF1 /* .gitkeep */ = {isa = PBXFileReference; fileEncoding = 4; lastKnownFileType = text; path = .gitkeep; sourceTree = "<group>"; };
		3C16D8521E39370100452DF1 /* .gitkeep */ = {isa = PBXFileReference; fileEncoding = 4; lastKnownFileType = text; path = .gitkeep; sourceTree = "<group>"; };
		3C16D8541E39370100452DF1 /* .gitkeep */ = {isa = PBXFileReference; fileEncoding = 4; lastKnownFileType = text; path = .gitkeep; sourceTree = "<group>"; };
		3C16D8561E39370100452DF1 /* .gitkeep */ = {isa = PBXFileReference; fileEncoding = 4; lastKnownFileType = text; path = .gitkeep; sourceTree = "<group>"; };
		3C16D8581E39370100452DF1 /* .gitkeep */ = {isa = PBXFileReference; fileEncoding = 4; lastKnownFileType = text; path = .gitkeep; sourceTree = "<group>"; };
		3C16D85A1E39370100452DF1 /* .gitkeep */ = {isa = PBXFileReference; fileEncoding = 4; lastKnownFileType = text; path = .gitkeep; sourceTree = "<group>"; };
		3C16D85C1E39370100452DF1 /* .gitkeep */ = {isa = PBXFileReference; fileEncoding = 4; lastKnownFileType = text; path = .gitkeep; sourceTree = "<group>"; };
		3C16D85E1E39370100452DF1 /* .gitkeep */ = {isa = PBXFileReference; fileEncoding = 4; lastKnownFileType = text; path = .gitkeep; sourceTree = "<group>"; };
		3C16D8611E39370100452DF1 /* .gitkeep */ = {isa = PBXFileReference; fileEncoding = 4; lastKnownFileType = text; path = .gitkeep; sourceTree = "<group>"; };
		3C16D8641E39370100452DF1 /* .gitkeep */ = {isa = PBXFileReference; fileEncoding = 4; lastKnownFileType = text; path = .gitkeep; sourceTree = "<group>"; };
		3C16D8671E39370100452DF1 /* .gitkeep */ = {isa = PBXFileReference; fileEncoding = 4; lastKnownFileType = text; path = .gitkeep; sourceTree = "<group>"; };
		3C16D8691E39370100452DF1 /* .gitkeep */ = {isa = PBXFileReference; fileEncoding = 4; lastKnownFileType = text; path = .gitkeep; sourceTree = "<group>"; };
		3C16D86C1E39370100452DF1 /* .gitkeep */ = {isa = PBXFileReference; fileEncoding = 4; lastKnownFileType = text; path = .gitkeep; sourceTree = "<group>"; };
		3C16D86E1E39370100452DF1 /* .gitkeep */ = {isa = PBXFileReference; fileEncoding = 4; lastKnownFileType = text; path = .gitkeep; sourceTree = "<group>"; };
		3C16D8701E39370100452DF1 /* .gitkeep */ = {isa = PBXFileReference; fileEncoding = 4; lastKnownFileType = text; path = .gitkeep; sourceTree = "<group>"; };
		3C16D8731E39370100452DF1 /* .gitkeep */ = {isa = PBXFileReference; fileEncoding = 4; lastKnownFileType = text; path = .gitkeep; sourceTree = "<group>"; };
		3C16D8761E39370100452DF1 /* .gitkeep */ = {isa = PBXFileReference; fileEncoding = 4; lastKnownFileType = text; path = .gitkeep; sourceTree = "<group>"; };
		3C16D8781E39370100452DF1 /* .gitkeep */ = {isa = PBXFileReference; fileEncoding = 4; lastKnownFileType = text; path = .gitkeep; sourceTree = "<group>"; };
		3C16D87A1E39370100452DF1 /* .gitkeep */ = {isa = PBXFileReference; fileEncoding = 4; lastKnownFileType = text; path = .gitkeep; sourceTree = "<group>"; };
		3C16D87C1E39370100452DF1 /* .gitkeep */ = {isa = PBXFileReference; fileEncoding = 4; lastKnownFileType = text; path = .gitkeep; sourceTree = "<group>"; };
		3C16D87E1E39370100452DF1 /* .gitkeep */ = {isa = PBXFileReference; fileEncoding = 4; lastKnownFileType = text; path = .gitkeep; sourceTree = "<group>"; };
		3C16D8801E39370100452DF1 /* .gitkeep */ = {isa = PBXFileReference; fileEncoding = 4; lastKnownFileType = text; path = .gitkeep; sourceTree = "<group>"; };
		3C16D8821E39370100452DF1 /* .gitkeep */ = {isa = PBXFileReference; fileEncoding = 4; lastKnownFileType = text; path = .gitkeep; sourceTree = "<group>"; };
		3C16D8841E39370100452DF1 /* Assets.xcassets */ = {isa = PBXFileReference; lastKnownFileType = folder.assetcatalog; path = Assets.xcassets; sourceTree = "<group>"; };
		3C16D8861E39370100452DF1 /* Base */ = {isa = PBXFileReference; lastKnownFileType = file.storyboard; name = Base; path = Base.lproj/LaunchScreen.storyboard; sourceTree = "<group>"; };
		3C16D8881E39370100452DF1 /* Base */ = {isa = PBXFileReference; lastKnownFileType = file.storyboard; name = Base; path = Base.lproj/Main.storyboard; sourceTree = "<group>"; };
		3C16D88A1E39370100452DF1 /* AppDelegate.swift */ = {isa = PBXFileReference; fileEncoding = 4; lastKnownFileType = sourcecode.swift; path = AppDelegate.swift; sourceTree = "<group>"; };
		3C16D88B1E39370100452DF1 /* Info.plist */ = {isa = PBXFileReference; fileEncoding = 4; lastKnownFileType = text.plist.xml; path = Info.plist; sourceTree = "<group>"; };
		3C2396A61E3E760500E8F832 /* DataCoordinator.swift */ = {isa = PBXFileReference; fileEncoding = 4; lastKnownFileType = sourcecode.swift; path = DataCoordinator.swift; sourceTree = "<group>"; };
		3C2396AA1E3E768200E8F832 /* ComicsListViewController.swift */ = {isa = PBXFileReference; fileEncoding = 4; lastKnownFileType = sourcecode.swift; path = ComicsListViewController.swift; sourceTree = "<group>"; };
		3C2396AF1E3E77E300E8F832 /* Comic.swift */ = {isa = PBXFileReference; fileEncoding = 4; lastKnownFileType = sourcecode.swift; path = Comic.swift; sourceTree = "<group>"; };
		3C2396B31E3E7AD400E8F832 /* SettingsManager.swift */ = {isa = PBXFileReference; fileEncoding = 4; lastKnownFileType = sourcecode.swift; path = SettingsManager.swift; sourceTree = "<group>"; };
		3C2396B61E3E7C3800E8F832 /* SettingsViewController.swift */ = {isa = PBXFileReference; fileEncoding = 4; lastKnownFileType = sourcecode.swift; path = SettingsViewController.swift; sourceTree = "<group>"; };
		3C2396B91E3EB1EC00E8F832 /* ServiceProtocols.swift */ = {isa = PBXFileReference; fileEncoding = 4; lastKnownFileType = sourcecode.swift; path = ServiceProtocols.swift; sourceTree = "<group>"; };
		3C5F5BA91E4084D500F1725A /* LocalStorage.swift */ = {isa = PBXFileReference; fileEncoding = 4; lastKnownFileType = sourcecode.swift; path = LocalStorage.swift; sourceTree = "<group>"; };
		3C7264271E3A7BDC00C2D0A5 /* Settings.swift */ = {isa = PBXFileReference; fileEncoding = 4; lastKnownFileType = sourcecode.swift; path = Settings.swift; sourceTree = "<group>"; };
		3C7264291E3A7F8600C2D0A5 /* Constants.swift */ = {isa = PBXFileReference; fileEncoding = 4; lastKnownFileType = sourcecode.swift; path = Constants.swift; sourceTree = "<group>"; };
		3CA42BC41E2BE219001FB6DE /* swiftsampleproject.app */ = {isa = PBXFileReference; explicitFileType = wrapper.application; includeInIndex = 0; path = swiftsampleproject.app; sourceTree = BUILT_PRODUCTS_DIR; };
		3CA42BD81E2BE21A001FB6DE /* swiftsampleprojectTests.xctest */ = {isa = PBXFileReference; explicitFileType = wrapper.cfbundle; includeInIndex = 0; path = swiftsampleprojectTests.xctest; sourceTree = BUILT_PRODUCTS_DIR; };
		3CA42BDC1E2BE21A001FB6DE /* swiftsampleprojectTests.swift */ = {isa = PBXFileReference; lastKnownFileType = sourcecode.swift; path = swiftsampleprojectTests.swift; sourceTree = "<group>"; };
		3CA42BDE1E2BE21A001FB6DE /* Info.plist */ = {isa = PBXFileReference; lastKnownFileType = text.plist.xml; path = Info.plist; sourceTree = "<group>"; };
		3CA42BE31E2BE21A001FB6DE /* swiftsampleprojectUITests.xctest */ = {isa = PBXFileReference; explicitFileType = wrapper.cfbundle; includeInIndex = 0; path = swiftsampleprojectUITests.xctest; sourceTree = BUILT_PRODUCTS_DIR; };
		3CA42BE71E2BE21A001FB6DE /* swiftsampleprojectUITests.swift */ = {isa = PBXFileReference; lastKnownFileType = sourcecode.swift; path = swiftsampleprojectUITests.swift; sourceTree = "<group>"; };
		3CA42BE91E2BE21A001FB6DE /* Info.plist */ = {isa = PBXFileReference; lastKnownFileType = text.plist.xml; path = Info.plist; sourceTree = "<group>"; };
		3CDD1DCC1E4135F900C1D0AF /* StartingViewController.swift */ = {isa = PBXFileReference; fileEncoding = 4; lastKnownFileType = sourcecode.swift; path = StartingViewController.swift; sourceTree = "<group>"; };
		3CDD1DD01E41365100C1D0AF /* AppController.swift */ = {isa = PBXFileReference; fileEncoding = 4; lastKnownFileType = sourcecode.swift; path = AppController.swift; sourceTree = "<group>"; };
		3CEB1F421E40A45300BB718E /* RLMComic.swift */ = {isa = PBXFileReference; fileEncoding = 4; lastKnownFileType = sourcecode.swift; path = RLMComic.swift; sourceTree = "<group>"; };
		4E8ACB55866AAEC52F5EAABE /* Pods-swiftsampleprojectUITests.release.xcconfig */ = {isa = PBXFileReference; includeInIndex = 1; lastKnownFileType = text.xcconfig; name = "Pods-swiftsampleprojectUITests.release.xcconfig"; path = "Pods/Target Support Files/Pods-swiftsampleprojectUITests/Pods-swiftsampleprojectUITests.release.xcconfig"; sourceTree = "<group>"; };
		7E021AD9538EE3DC81939D80 /* Pods-swiftsampleprojectUITests.debug.xcconfig */ = {isa = PBXFileReference; includeInIndex = 1; lastKnownFileType = text.xcconfig; name = "Pods-swiftsampleprojectUITests.debug.xcconfig"; path = "Pods/Target Support Files/Pods-swiftsampleprojectUITests/Pods-swiftsampleprojectUITests.debug.xcconfig"; sourceTree = "<group>"; };
		84EA1460DA83940A78CA1265 /* Pods_swiftsampleproject.framework */ = {isa = PBXFileReference; explicitFileType = wrapper.framework; includeInIndex = 0; path = Pods_swiftsampleproject.framework; sourceTree = BUILT_PRODUCTS_DIR; };
		854C50F10B9A9F013879B4D7 /* Pods_swiftsampleprojectUITests.framework */ = {isa = PBXFileReference; explicitFileType = wrapper.framework; includeInIndex = 0; path = Pods_swiftsampleprojectUITests.framework; sourceTree = BUILT_PRODUCTS_DIR; };
		9CD3BFD42FC50C3C30CF4D1F /* Pods_swiftsampleprojectTests.framework */ = {isa = PBXFileReference; explicitFileType = wrapper.framework; includeInIndex = 0; path = Pods_swiftsampleprojectTests.framework; sourceTree = BUILT_PRODUCTS_DIR; };
		9F24B85AC41452A6FF99D7C0 /* Pods-swiftsampleproject.debug.xcconfig */ = {isa = PBXFileReference; includeInIndex = 1; lastKnownFileType = text.xcconfig; name = "Pods-swiftsampleproject.debug.xcconfig"; path = "Pods/Target Support Files/Pods-swiftsampleproject/Pods-swiftsampleproject.debug.xcconfig"; sourceTree = "<group>"; };
		AC0B5FF57F428980CE5FF512 /* Pods-swiftsampleproject.release.xcconfig */ = {isa = PBXFileReference; includeInIndex = 1; lastKnownFileType = text.xcconfig; name = "Pods-swiftsampleproject.release.xcconfig"; path = "Pods/Target Support Files/Pods-swiftsampleproject/Pods-swiftsampleproject.release.xcconfig"; sourceTree = "<group>"; };
		B60C4046F6E639B2335992D9 /* Pods-swiftsampleprojectTests.release.xcconfig */ = {isa = PBXFileReference; includeInIndex = 1; lastKnownFileType = text.xcconfig; name = "Pods-swiftsampleprojectTests.release.xcconfig"; path = "Pods/Target Support Files/Pods-swiftsampleprojectTests/Pods-swiftsampleprojectTests.release.xcconfig"; sourceTree = "<group>"; };
/* End PBXFileReference section */

/* Begin PBXFrameworksBuildPhase section */
		3CA42BC11E2BE219001FB6DE /* Frameworks */ = {
			isa = PBXFrameworksBuildPhase;
			buildActionMask = 2147483647;
			files = (
				4D53CE577EEC344C7078F304 /* Pods_swiftsampleproject.framework in Frameworks */,
			);
			runOnlyForDeploymentPostprocessing = 0;
		};
		3CA42BD51E2BE21A001FB6DE /* Frameworks */ = {
			isa = PBXFrameworksBuildPhase;
			buildActionMask = 2147483647;
			files = (
				B2A56CBDC8B5C31C22618297 /* Pods_swiftsampleprojectTests.framework in Frameworks */,
			);
			runOnlyForDeploymentPostprocessing = 0;
		};
		3CA42BE01E2BE21A001FB6DE /* Frameworks */ = {
			isa = PBXFrameworksBuildPhase;
			buildActionMask = 2147483647;
			files = (
				1AAA52323184F2DB67FF6E01 /* Pods_swiftsampleprojectUITests.framework in Frameworks */,
			);
			runOnlyForDeploymentPostprocessing = 0;
		};
/* End PBXFrameworksBuildPhase section */

/* Begin PBXGroup section */
		375C9852AF6AFF511F9C2252 /* Frameworks */ = {
			isa = PBXGroup;
			children = (
				9CD3BFD42FC50C3C30CF4D1F /* Pods_swiftsampleprojectTests.framework */,
				854C50F10B9A9F013879B4D7 /* Pods_swiftsampleprojectUITests.framework */,
				84EA1460DA83940A78CA1265 /* Pods_swiftsampleproject.framework */,
			);
			name = Frameworks;
			sourceTree = "<group>";
		};
		3C0690D31E3E697400C24AEA /* DataCoordinator */ = {
			isa = PBXGroup;
			children = (
				3C2396A61E3E760500E8F832 /* DataCoordinator.swift */,
			);
			path = DataCoordinator;
			sourceTree = "<group>";
		};
		3C0690D41E3E697400C24AEA /* LocalStorage */ = {
			isa = PBXGroup;
			children = (
				3C5F5BA91E4084D500F1725A /* LocalStorage.swift */,
			);
			path = LocalStorage;
			sourceTree = "<group>";
		};
		3C0690D51E3E697400C24AEA /* Networking */ = {
			isa = PBXGroup;
			children = (
				3C0690D61E3E698900C24AEA /* Networking.swift */,
			);
			path = Networking;
			sourceTree = "<group>";
		};
		3C16D8151E39370100452DF1 /* Code */ = {
			isa = PBXGroup;
			children = (
				3C16D8161E39370100452DF1 /* Common */,
				3C16D83A1E39370100452DF1 /* PlatformSpecific */,
			);
			path = Code;
			sourceTree = "<group>";
		};
		3C16D8161E39370100452DF1 /* Common */ = {
			isa = PBXGroup;
			children = (
				3C16D8171E39370100452DF1 /* 3rdparty */,
				3C16D8191E39370100452DF1 /* Architecture */,
				3C16D8301E39370100452DF1 /* Categories */,
				3C16D8321E39370100452DF1 /* Constants */,
				3C16D8341E39370100452DF1 /* Functions */,
				3C16D8361E39370100452DF1 /* Macroses */,
				3C16D8381E39370100452DF1 /* Utilities */,
			);
			path = Common;
			sourceTree = "<group>";
		};
		3C16D8171E39370100452DF1 /* 3rdparty */ = {
			isa = PBXGroup;
			children = (
				3C16D8181E39370100452DF1 /* .gitkeep */,
			);
			path = 3rdparty;
			sourceTree = "<group>";
		};
		3C16D8191E39370100452DF1 /* Architecture */ = {
			isa = PBXGroup;
			children = (
				3C7030561E3EB65C0042A27D /* Operations */,
				3C16D81A1E39370100452DF1 /* Controllers */,
				3C16D81C1E39370100452DF1 /* Model */,
				3C16D8261E39370100452DF1 /* Protocols */,
				3C16D8291E39370100452DF1 /* Services */,
				3C16D82B1E39370100452DF1 /* View */,
			);
			path = Architecture;
			sourceTree = "<group>";
		};
		3C16D81A1E39370100452DF1 /* Controllers */ = {
			isa = PBXGroup;
			children = (
				3C16D81B1E39370100452DF1 /* .gitkeep */,
			);
			path = Controllers;
			sourceTree = "<group>";
		};
		3C16D81C1E39370100452DF1 /* Model */ = {
			isa = PBXGroup;
			children = (
				3C16D81D1E39370100452DF1 /* Base */,
				3C16D81F1E39370100452DF1 /* Domain */,
				3C16D8211E39370100452DF1 /* Services */,
			);
			path = Model;
			sourceTree = "<group>";
		};
		3C16D81D1E39370100452DF1 /* Base */ = {
			isa = PBXGroup;
			children = (
				3C7264261E3A7BCD00C2D0A5 /* Application */,
			);
			path = Base;
			sourceTree = "<group>";
		};
		3C16D81F1E39370100452DF1 /* Domain */ = {
			isa = PBXGroup;
			children = (
				3C2396AC1E3E77D200E8F832 /* CoreData */,
				3C2396AD1E3E77D200E8F832 /* PONSO */,
				3C2396AE1E3E77D200E8F832 /* Realm */,
			);
			path = Domain;
			sourceTree = "<group>";
		};
		3C16D8211E39370100452DF1 /* Services */ = {
			isa = PBXGroup;
			children = (
				3C16D8221E39370100452DF1 /* Route */,
				3C16D8241E39370100452DF1 /* Theme */,
			);
			path = Services;
			sourceTree = "<group>";
		};
		3C16D8221E39370100452DF1 /* Route */ = {
			isa = PBXGroup;
			children = (
				3C16D8231E39370100452DF1 /* .gitkeep */,
			);
			path = Route;
			sourceTree = "<group>";
		};
		3C16D8241E39370100452DF1 /* Theme */ = {
			isa = PBXGroup;
			children = (
				3C16D8251E39370100452DF1 /* .gitkeep */,
			);
			path = Theme;
			sourceTree = "<group>";
		};
		3C16D8261E39370100452DF1 /* Protocols */ = {
			isa = PBXGroup;
			children = (
				3C16D8281E39370100452DF1 /* Extensions */,
				3C2396B91E3EB1EC00E8F832 /* ServiceProtocols.swift */,
			);
			path = Protocols;
			sourceTree = "<group>";
		};
		3C16D8281E39370100452DF1 /* Extensions */ = {
			isa = PBXGroup;
			children = (
			);
			path = Extensions;
			sourceTree = "<group>";
		};
		3C16D8291E39370100452DF1 /* Services */ = {
			isa = PBXGroup;
			children = (
				3CDD1DCF1E41364800C1D0AF /* AppController */,
				3C2396B21E3E7ACA00E8F832 /* Settings */,
				3C0690D31E3E697400C24AEA /* DataCoordinator */,
				3C0690D41E3E697400C24AEA /* LocalStorage */,
				3C0690D51E3E697400C24AEA /* Networking */,
			);
			path = Services;
			sourceTree = "<group>";
		};
		3C16D82B1E39370100452DF1 /* View */ = {
			isa = PBXGroup;
			children = (
				3C16D82C1E39370100452DF1 /* ViewControllers */,
				3C16D82E1E39370100452DF1 /* Views */,
			);
			path = View;
			sourceTree = "<group>";
		};
		3C16D82C1E39370100452DF1 /* ViewControllers */ = {
			isa = PBXGroup;
			children = (
				3CDD1DCB1E4135EC00C1D0AF /* StartingViewController */,
				3C2396A81E3E767200E8F832 /* ComicsListViewController */,
				3C2396A91E3E767200E8F832 /* SettingsViewController */,
			);
			path = ViewControllers;
			sourceTree = "<group>";
		};
		3C16D82E1E39370100452DF1 /* Views */ = {
			isa = PBXGroup;
			children = (
				3C16D82F1E39370100452DF1 /* .gitkeep */,
			);
			path = Views;
			sourceTree = "<group>";
		};
		3C16D8301E39370100452DF1 /* Categories */ = {
			isa = PBXGroup;
			children = (
				3C16D8311E39370100452DF1 /* .gitkeep */,
			);
			path = Categories;
			sourceTree = "<group>";
		};
		3C16D8321E39370100452DF1 /* Constants */ = {
			isa = PBXGroup;
			children = (
				3C7264291E3A7F8600C2D0A5 /* Constants.swift */,
			);
			path = Constants;
			sourceTree = "<group>";
		};
		3C16D8341E39370100452DF1 /* Functions */ = {
			isa = PBXGroup;
			children = (
				3C16D8351E39370100452DF1 /* .gitkeep */,
			);
			path = Functions;
			sourceTree = "<group>";
		};
		3C16D8361E39370100452DF1 /* Macroses */ = {
			isa = PBXGroup;
			children = (
				3C16D8371E39370100452DF1 /* .gitkeep */,
			);
			path = Macroses;
			sourceTree = "<group>";
		};
		3C16D8381E39370100452DF1 /* Utilities */ = {
			isa = PBXGroup;
			children = (
				3C16D8391E39370100452DF1 /* .gitkeep */,
			);
			path = Utilities;
			sourceTree = "<group>";
		};
		3C16D83A1E39370100452DF1 /* PlatformSpecific */ = {
			isa = PBXGroup;
			children = (
				3C16D83B1E39370100452DF1 /* iPad */,
				3C16D85F1E39370100452DF1 /* iPhone */,
			);
			path = PlatformSpecific;
			sourceTree = "<group>";
		};
		3C16D83B1E39370100452DF1 /* iPad */ = {
			isa = PBXGroup;
			children = (
				3C16D83C1E39370100452DF1 /* 3rdparty */,
				3C16D83E1E39370100452DF1 /* Architecture */,
				3C16D8551E39370100452DF1 /* Categories */,
				3C16D8571E39370100452DF1 /* Constants */,
				3C16D8591E39370100452DF1 /* Functions */,
				3C16D85B1E39370100452DF1 /* Macroses */,
				3C16D85D1E39370100452DF1 /* Utilities */,
			);
			path = iPad;
			sourceTree = "<group>";
		};
		3C16D83C1E39370100452DF1 /* 3rdparty */ = {
			isa = PBXGroup;
			children = (
				3C16D83D1E39370100452DF1 /* .gitkeep */,
			);
			path = 3rdparty;
			sourceTree = "<group>";
		};
		3C16D83E1E39370100452DF1 /* Architecture */ = {
			isa = PBXGroup;
			children = (
				3C16D83F1E39370100452DF1 /* Controllers */,
				3C16D8411E39370100452DF1 /* Model */,
				3C16D84B1E39370100452DF1 /* Protocols */,
				3C16D84E1E39370100452DF1 /* Services */,
				3C16D8501E39370100452DF1 /* View */,
			);
			path = Architecture;
			sourceTree = "<group>";
		};
		3C16D83F1E39370100452DF1 /* Controllers */ = {
			isa = PBXGroup;
			children = (
				3C16D8401E39370100452DF1 /* .gitkeep */,
			);
			path = Controllers;
			sourceTree = "<group>";
		};
		3C16D8411E39370100452DF1 /* Model */ = {
			isa = PBXGroup;
			children = (
				3C16D8421E39370100452DF1 /* Base */,
				3C16D8441E39370100452DF1 /* Domain */,
				3C16D8461E39370100452DF1 /* Services */,
			);
			path = Model;
			sourceTree = "<group>";
		};
		3C16D8421E39370100452DF1 /* Base */ = {
			isa = PBXGroup;
			children = (
				3C16D8431E39370100452DF1 /* .gitkeep */,
			);
			path = Base;
			sourceTree = "<group>";
		};
		3C16D8441E39370100452DF1 /* Domain */ = {
			isa = PBXGroup;
			children = (
				3C16D8451E39370100452DF1 /* .gitkeep */,
			);
			path = Domain;
			sourceTree = "<group>";
		};
		3C16D8461E39370100452DF1 /* Services */ = {
			isa = PBXGroup;
			children = (
				3C16D8471E39370100452DF1 /* Route */,
				3C16D8491E39370100452DF1 /* Theme */,
			);
			path = Services;
			sourceTree = "<group>";
		};
		3C16D8471E39370100452DF1 /* Route */ = {
			isa = PBXGroup;
			children = (
				3C16D8481E39370100452DF1 /* .gitkeep */,
			);
			path = Route;
			sourceTree = "<group>";
		};
		3C16D8491E39370100452DF1 /* Theme */ = {
			isa = PBXGroup;
			children = (
				3C16D84A1E39370100452DF1 /* .gitkeep */,
			);
			path = Theme;
			sourceTree = "<group>";
		};
		3C16D84B1E39370100452DF1 /* Protocols */ = {
			isa = PBXGroup;
			children = (
				3C16D84C1E39370100452DF1 /* .gitkeep */,
				3C16D84D1E39370100452DF1 /* Extensions */,
			);
			path = Protocols;
			sourceTree = "<group>";
		};
		3C16D84D1E39370100452DF1 /* Extensions */ = {
			isa = PBXGroup;
			children = (
			);
			path = Extensions;
			sourceTree = "<group>";
		};
		3C16D84E1E39370100452DF1 /* Services */ = {
			isa = PBXGroup;
			children = (
				3C16D84F1E39370100452DF1 /* .gitkeep */,
			);
			path = Services;
			sourceTree = "<group>";
		};
		3C16D8501E39370100452DF1 /* View */ = {
			isa = PBXGroup;
			children = (
				3C16D8511E39370100452DF1 /* ViewControllers */,
				3C16D8531E39370100452DF1 /* Views */,
			);
			path = View;
			sourceTree = "<group>";
		};
		3C16D8511E39370100452DF1 /* ViewControllers */ = {
			isa = PBXGroup;
			children = (
				3C16D8521E39370100452DF1 /* .gitkeep */,
			);
			path = ViewControllers;
			sourceTree = "<group>";
		};
		3C16D8531E39370100452DF1 /* Views */ = {
			isa = PBXGroup;
			children = (
				3C16D8541E39370100452DF1 /* .gitkeep */,
			);
			path = Views;
			sourceTree = "<group>";
		};
		3C16D8551E39370100452DF1 /* Categories */ = {
			isa = PBXGroup;
			children = (
				3C16D8561E39370100452DF1 /* .gitkeep */,
			);
			path = Categories;
			sourceTree = "<group>";
		};
		3C16D8571E39370100452DF1 /* Constants */ = {
			isa = PBXGroup;
			children = (
				3C16D8581E39370100452DF1 /* .gitkeep */,
			);
			path = Constants;
			sourceTree = "<group>";
		};
		3C16D8591E39370100452DF1 /* Functions */ = {
			isa = PBXGroup;
			children = (
				3C16D85A1E39370100452DF1 /* .gitkeep */,
			);
			path = Functions;
			sourceTree = "<group>";
		};
		3C16D85B1E39370100452DF1 /* Macroses */ = {
			isa = PBXGroup;
			children = (
				3C16D85C1E39370100452DF1 /* .gitkeep */,
			);
			path = Macroses;
			sourceTree = "<group>";
		};
		3C16D85D1E39370100452DF1 /* Utilities */ = {
			isa = PBXGroup;
			children = (
				3C16D85E1E39370100452DF1 /* .gitkeep */,
			);
			path = Utilities;
			sourceTree = "<group>";
		};
		3C16D85F1E39370100452DF1 /* iPhone */ = {
			isa = PBXGroup;
			children = (
				3C16D8601E39370100452DF1 /* 3rdparty */,
				3C16D8621E39370100452DF1 /* Architecture */,
				3C16D8791E39370100452DF1 /* Categories */,
				3C16D87B1E39370100452DF1 /* Constants */,
				3C16D87D1E39370100452DF1 /* Functions */,
				3C16D87F1E39370100452DF1 /* Macroses */,
				3C16D8811E39370100452DF1 /* Utilities */,
			);
			path = iPhone;
			sourceTree = "<group>";
		};
		3C16D8601E39370100452DF1 /* 3rdparty */ = {
			isa = PBXGroup;
			children = (
				3C16D8611E39370100452DF1 /* .gitkeep */,
			);
			path = 3rdparty;
			sourceTree = "<group>";
		};
		3C16D8621E39370100452DF1 /* Architecture */ = {
			isa = PBXGroup;
			children = (
				3C16D8631E39370100452DF1 /* Controllers */,
				3C16D8651E39370100452DF1 /* Model */,
				3C16D86F1E39370100452DF1 /* Protocols */,
				3C16D8721E39370100452DF1 /* Services */,
				3C16D8741E39370100452DF1 /* View */,
			);
			path = Architecture;
			sourceTree = "<group>";
		};
		3C16D8631E39370100452DF1 /* Controllers */ = {
			isa = PBXGroup;
			children = (
				3C16D8641E39370100452DF1 /* .gitkeep */,
			);
			path = Controllers;
			sourceTree = "<group>";
		};
		3C16D8651E39370100452DF1 /* Model */ = {
			isa = PBXGroup;
			children = (
				3C16D8661E39370100452DF1 /* Base */,
				3C16D8681E39370100452DF1 /* Domain */,
				3C16D86A1E39370100452DF1 /* Services */,
			);
			path = Model;
			sourceTree = "<group>";
		};
		3C16D8661E39370100452DF1 /* Base */ = {
			isa = PBXGroup;
			children = (
				3C16D8671E39370100452DF1 /* .gitkeep */,
			);
			path = Base;
			sourceTree = "<group>";
		};
		3C16D8681E39370100452DF1 /* Domain */ = {
			isa = PBXGroup;
			children = (
				3C16D8691E39370100452DF1 /* .gitkeep */,
			);
			path = Domain;
			sourceTree = "<group>";
		};
		3C16D86A1E39370100452DF1 /* Services */ = {
			isa = PBXGroup;
			children = (
				3C16D86B1E39370100452DF1 /* Route */,
				3C16D86D1E39370100452DF1 /* Theme */,
			);
			path = Services;
			sourceTree = "<group>";
		};
		3C16D86B1E39370100452DF1 /* Route */ = {
			isa = PBXGroup;
			children = (
				3C16D86C1E39370100452DF1 /* .gitkeep */,
			);
			path = Route;
			sourceTree = "<group>";
		};
		3C16D86D1E39370100452DF1 /* Theme */ = {
			isa = PBXGroup;
			children = (
				3C16D86E1E39370100452DF1 /* .gitkeep */,
			);
			path = Theme;
			sourceTree = "<group>";
		};
		3C16D86F1E39370100452DF1 /* Protocols */ = {
			isa = PBXGroup;
			children = (
				3C16D8701E39370100452DF1 /* .gitkeep */,
				3C16D8711E39370100452DF1 /* Extensions */,
			);
			path = Protocols;
			sourceTree = "<group>";
		};
		3C16D8711E39370100452DF1 /* Extensions */ = {
			isa = PBXGroup;
			children = (
			);
			path = Extensions;
			sourceTree = "<group>";
		};
		3C16D8721E39370100452DF1 /* Services */ = {
			isa = PBXGroup;
			children = (
				3C16D8731E39370100452DF1 /* .gitkeep */,
			);
			path = Services;
			sourceTree = "<group>";
		};
		3C16D8741E39370100452DF1 /* View */ = {
			isa = PBXGroup;
			children = (
				3C16D8751E39370100452DF1 /* ViewControllers */,
				3C16D8771E39370100452DF1 /* Views */,
			);
			path = View;
			sourceTree = "<group>";
		};
		3C16D8751E39370100452DF1 /* ViewControllers */ = {
			isa = PBXGroup;
			children = (
				3C16D8761E39370100452DF1 /* .gitkeep */,
			);
			path = ViewControllers;
			sourceTree = "<group>";
		};
		3C16D8771E39370100452DF1 /* Views */ = {
			isa = PBXGroup;
			children = (
				3C16D8781E39370100452DF1 /* .gitkeep */,
			);
			path = Views;
			sourceTree = "<group>";
		};
		3C16D8791E39370100452DF1 /* Categories */ = {
			isa = PBXGroup;
			children = (
				3C16D87A1E39370100452DF1 /* .gitkeep */,
			);
			path = Categories;
			sourceTree = "<group>";
		};
		3C16D87B1E39370100452DF1 /* Constants */ = {
			isa = PBXGroup;
			children = (
				3C16D87C1E39370100452DF1 /* .gitkeep */,
			);
			path = Constants;
			sourceTree = "<group>";
		};
		3C16D87D1E39370100452DF1 /* Functions */ = {
			isa = PBXGroup;
			children = (
				3C16D87E1E39370100452DF1 /* .gitkeep */,
			);
			path = Functions;
			sourceTree = "<group>";
		};
		3C16D87F1E39370100452DF1 /* Macroses */ = {
			isa = PBXGroup;
			children = (
				3C16D8801E39370100452DF1 /* .gitkeep */,
			);
			path = Macroses;
			sourceTree = "<group>";
		};
		3C16D8811E39370100452DF1 /* Utilities */ = {
			isa = PBXGroup;
			children = (
				3C16D8821E39370100452DF1 /* .gitkeep */,
			);
			path = Utilities;
			sourceTree = "<group>";
		};
		3C16D8831E39370100452DF1 /* Resources */ = {
			isa = PBXGroup;
			children = (
				3C16D8841E39370100452DF1 /* Assets.xcassets */,
				3C16D8851E39370100452DF1 /* LaunchScreen.storyboard */,
				3C16D8871E39370100452DF1 /* Main.storyboard */,
			);
			path = Resources;
			sourceTree = "<group>";
		};
		3C16D8891E39370100452DF1 /* SupportingFiles */ = {
			isa = PBXGroup;
			children = (
				3C16D88A1E39370100452DF1 /* AppDelegate.swift */,
				3C16D88B1E39370100452DF1 /* Info.plist */,
			);
			path = SupportingFiles;
			sourceTree = "<group>";
		};
		3C2396A81E3E767200E8F832 /* ComicsListViewController */ = {
			isa = PBXGroup;
			children = (
				3C2396AA1E3E768200E8F832 /* ComicsListViewController.swift */,
			);
			path = ComicsListViewController;
			sourceTree = "<group>";
		};
		3C2396A91E3E767200E8F832 /* SettingsViewController */ = {
			isa = PBXGroup;
			children = (
				3C2396B61E3E7C3800E8F832 /* SettingsViewController.swift */,
			);
			path = SettingsViewController;
			sourceTree = "<group>";
		};
		3C2396AC1E3E77D200E8F832 /* CoreData */ = {
			isa = PBXGroup;
			children = (
			);
			path = CoreData;
			sourceTree = "<group>";
		};
		3C2396AD1E3E77D200E8F832 /* PONSO */ = {
			isa = PBXGroup;
			children = (
				3C2396AF1E3E77E300E8F832 /* Comic.swift */,
			);
			path = PONSO;
			sourceTree = "<group>";
		};
		3C2396AE1E3E77D200E8F832 /* Realm */ = {
			isa = PBXGroup;
			children = (
				3CEB1F421E40A45300BB718E /* RLMComic.swift */,
			);
			path = Realm;
			sourceTree = "<group>";
		};
		3C2396B21E3E7ACA00E8F832 /* Settings */ = {
			isa = PBXGroup;
			children = (
				3C2396B31E3E7AD400E8F832 /* SettingsManager.swift */,
			);
			path = Settings;
			sourceTree = "<group>";
		};
		3C7030561E3EB65C0042A27D /* Operations */ = {
			isa = PBXGroup;
			children = (
				3C7030571E3EB67B0042A27D /* Networking */,
				3C7030581E3EB67B0042A27D /* Storage */,
			);
			path = Operations;
			sourceTree = "<group>";
		};
		3C7030571E3EB67B0042A27D /* Networking */ = {
			isa = PBXGroup;
			children = (
			);
			path = Networking;
			sourceTree = "<group>";
		};
		3C7030581E3EB67B0042A27D /* Storage */ = {
			isa = PBXGroup;
			children = (
			);
			path = Storage;
			sourceTree = "<group>";
		};
		3C7264261E3A7BCD00C2D0A5 /* Application */ = {
			isa = PBXGroup;
			children = (
				3C7264271E3A7BDC00C2D0A5 /* Settings.swift */,
			);
			path = Application;
			sourceTree = "<group>";
		};
		3CA42BBB1E2BE219001FB6DE = {
			isa = PBXGroup;
			children = (
				3CA42BC61E2BE219001FB6DE /* swiftsampleproject */,
				3CA42BDB1E2BE21A001FB6DE /* swiftsampleprojectTests */,
				3CA42BE61E2BE21A001FB6DE /* swiftsampleprojectUITests */,
				3CA42BC51E2BE219001FB6DE /* Products */,
				86F0DAE0E84B4E985FC74FA6 /* Pods */,
				375C9852AF6AFF511F9C2252 /* Frameworks */,
			);
			sourceTree = "<group>";
		};
		3CA42BC51E2BE219001FB6DE /* Products */ = {
			isa = PBXGroup;
			children = (
				3CA42BC41E2BE219001FB6DE /* swiftsampleproject.app */,
				3CA42BD81E2BE21A001FB6DE /* swiftsampleprojectTests.xctest */,
				3CA42BE31E2BE21A001FB6DE /* swiftsampleprojectUITests.xctest */,
			);
			name = Products;
			sourceTree = "<group>";
		};
		3CA42BC61E2BE219001FB6DE /* swiftsampleproject */ = {
			isa = PBXGroup;
			children = (
				3C16D8151E39370100452DF1 /* Code */,
				3C16D8831E39370100452DF1 /* Resources */,
				3C16D8891E39370100452DF1 /* SupportingFiles */,
			);
			path = swiftsampleproject;
			sourceTree = "<group>";
		};
		3CA42BDB1E2BE21A001FB6DE /* swiftsampleprojectTests */ = {
			isa = PBXGroup;
			children = (
				3CA42BDC1E2BE21A001FB6DE /* swiftsampleprojectTests.swift */,
				3CA42BDE1E2BE21A001FB6DE /* Info.plist */,
			);
			path = swiftsampleprojectTests;
			sourceTree = "<group>";
		};
		3CA42BE61E2BE21A001FB6DE /* swiftsampleprojectUITests */ = {
			isa = PBXGroup;
			children = (
				3CA42BE71E2BE21A001FB6DE /* swiftsampleprojectUITests.swift */,
				3CA42BE91E2BE21A001FB6DE /* Info.plist */,
			);
			path = swiftsampleprojectUITests;
			sourceTree = "<group>";
		};
		3CDD1DCB1E4135EC00C1D0AF /* StartingViewController */ = {
			isa = PBXGroup;
			children = (
				3CDD1DCC1E4135F900C1D0AF /* StartingViewController.swift */,
			);
			path = StartingViewController;
			sourceTree = "<group>";
		};
		3CDD1DCF1E41364800C1D0AF /* AppController */ = {
			isa = PBXGroup;
			children = (
				3CDD1DD01E41365100C1D0AF /* AppController.swift */,
			);
			path = AppController;
			sourceTree = "<group>";
		};
		86F0DAE0E84B4E985FC74FA6 /* Pods */ = {
			isa = PBXGroup;
			children = (
				3513348595CDC06F32ECC043 /* Pods-swiftsampleprojectTests.debug.xcconfig */,
				B60C4046F6E639B2335992D9 /* Pods-swiftsampleprojectTests.release.xcconfig */,
				7E021AD9538EE3DC81939D80 /* Pods-swiftsampleprojectUITests.debug.xcconfig */,
				4E8ACB55866AAEC52F5EAABE /* Pods-swiftsampleprojectUITests.release.xcconfig */,
				9F24B85AC41452A6FF99D7C0 /* Pods-swiftsampleproject.debug.xcconfig */,
				AC0B5FF57F428980CE5FF512 /* Pods-swiftsampleproject.release.xcconfig */,
			);
			name = Pods;
			sourceTree = "<group>";
		};
/* End PBXGroup section */

/* Begin PBXNativeTarget section */
		3CA42BC31E2BE219001FB6DE /* swiftsampleproject */ = {
			isa = PBXNativeTarget;
			buildConfigurationList = 3CA42BEC1E2BE21A001FB6DE /* Build configuration list for PBXNativeTarget "swiftsampleproject" */;
			buildPhases = (
				4B914CFD913FC8EF83850642 /* [CP] Check Pods Manifest.lock */,
				3CA42BC01E2BE219001FB6DE /* Sources */,
				3CA42BC11E2BE219001FB6DE /* Frameworks */,
				3CA42BC21E2BE219001FB6DE /* Resources */,
				A67B1220D6E987146F9DC46E /* [CP] Embed Pods Frameworks */,
				8803B198023271FBA67D272D /* [CP] Copy Pods Resources */,
			);
			buildRules = (
			);
			dependencies = (
			);
			name = swiftsampleproject;
			productName = swiftsampleproject;
			productReference = 3CA42BC41E2BE219001FB6DE /* swiftsampleproject.app */;
			productType = "com.apple.product-type.application";
		};
		3CA42BD71E2BE21A001FB6DE /* swiftsampleprojectTests */ = {
			isa = PBXNativeTarget;
			buildConfigurationList = 3CA42BEF1E2BE21A001FB6DE /* Build configuration list for PBXNativeTarget "swiftsampleprojectTests" */;
			buildPhases = (
				5602D06DDC6D2E38D85EC86B /* [CP] Check Pods Manifest.lock */,
				3CA42BD41E2BE21A001FB6DE /* Sources */,
				3CA42BD51E2BE21A001FB6DE /* Frameworks */,
				3CA42BD61E2BE21A001FB6DE /* Resources */,
				DB08D4FED6E0BD54BBEE061C /* [CP] Embed Pods Frameworks */,
				32EFBD5A43913B9756B2F74A /* [CP] Copy Pods Resources */,
			);
			buildRules = (
			);
			dependencies = (
				3CA42BDA1E2BE21A001FB6DE /* PBXTargetDependency */,
			);
			name = swiftsampleprojectTests;
			productName = swiftsampleprojectTests;
			productReference = 3CA42BD81E2BE21A001FB6DE /* swiftsampleprojectTests.xctest */;
			productType = "com.apple.product-type.bundle.unit-test";
		};
		3CA42BE21E2BE21A001FB6DE /* swiftsampleprojectUITests */ = {
			isa = PBXNativeTarget;
			buildConfigurationList = 3CA42BF21E2BE21A001FB6DE /* Build configuration list for PBXNativeTarget "swiftsampleprojectUITests" */;
			buildPhases = (
				0F2CC91E5C218D1EFB803F59 /* [CP] Check Pods Manifest.lock */,
				3CA42BDF1E2BE21A001FB6DE /* Sources */,
				3CA42BE01E2BE21A001FB6DE /* Frameworks */,
				3CA42BE11E2BE21A001FB6DE /* Resources */,
				B7A366BC5DCFC8776858696F /* [CP] Embed Pods Frameworks */,
				F2210075B6C5DCE94A6E8C06 /* [CP] Copy Pods Resources */,
			);
			buildRules = (
			);
			dependencies = (
				3CA42BE51E2BE21A001FB6DE /* PBXTargetDependency */,
			);
			name = swiftsampleprojectUITests;
			productName = swiftsampleprojectUITests;
			productReference = 3CA42BE31E2BE21A001FB6DE /* swiftsampleprojectUITests.xctest */;
			productType = "com.apple.product-type.bundle.ui-testing";
		};
/* End PBXNativeTarget section */

/* Begin PBXProject section */
		3CA42BBC1E2BE219001FB6DE /* Project object */ = {
			isa = PBXProject;
			attributes = {
				LastSwiftUpdateCheck = 0820;
				LastUpgradeCheck = 0820;
				ORGANIZATIONNAME = "Timur Kuchkarov";
				TargetAttributes = {
					3CA42BC31E2BE219001FB6DE = {
						CreatedOnToolsVersion = 8.2.1;
						DevelopmentTeam = TA43PW6BTF;
						ProvisioningStyle = Automatic;
					};
					3CA42BD71E2BE21A001FB6DE = {
						CreatedOnToolsVersion = 8.2.1;
						ProvisioningStyle = Automatic;
						TestTargetID = 3CA42BC31E2BE219001FB6DE;
					};
					3CA42BE21E2BE21A001FB6DE = {
						CreatedOnToolsVersion = 8.2.1;
						ProvisioningStyle = Automatic;
						TestTargetID = 3CA42BC31E2BE219001FB6DE;
					};
				};
			};
			buildConfigurationList = 3CA42BBF1E2BE219001FB6DE /* Build configuration list for PBXProject "swiftsampleproject" */;
			compatibilityVersion = "Xcode 3.2";
			developmentRegion = English;
			hasScannedForEncodings = 0;
			knownRegions = (
				en,
				Base,
			);
			mainGroup = 3CA42BBB1E2BE219001FB6DE;
			productRefGroup = 3CA42BC51E2BE219001FB6DE /* Products */;
			projectDirPath = "";
			projectRoot = "";
			targets = (
				3CA42BC31E2BE219001FB6DE /* swiftsampleproject */,
				3CA42BD71E2BE21A001FB6DE /* swiftsampleprojectTests */,
				3CA42BE21E2BE21A001FB6DE /* swiftsampleprojectUITests */,
			);
		};
/* End PBXProject section */

/* Begin PBXResourcesBuildPhase section */
		3CA42BC21E2BE219001FB6DE /* Resources */ = {
			isa = PBXResourcesBuildPhase;
			buildActionMask = 2147483647;
			files = (
				3C16D8B91E39370100452DF1 /* Assets.xcassets in Resources */,
				3C16D8BB1E39370100452DF1 /* Main.storyboard in Resources */,
				3C16D8BA1E39370100452DF1 /* LaunchScreen.storyboard in Resources */,
			);
			runOnlyForDeploymentPostprocessing = 0;
		};
		3CA42BD61E2BE21A001FB6DE /* Resources */ = {
			isa = PBXResourcesBuildPhase;
			buildActionMask = 2147483647;
			files = (
				3C16D8BF1E39371500452DF1 /* Assets.xcassets in Resources */,
			);
			runOnlyForDeploymentPostprocessing = 0;
		};
		3CA42BE11E2BE21A001FB6DE /* Resources */ = {
			isa = PBXResourcesBuildPhase;
			buildActionMask = 2147483647;
			files = (
			);
			runOnlyForDeploymentPostprocessing = 0;
		};
/* End PBXResourcesBuildPhase section */

/* Begin PBXShellScriptBuildPhase section */
		0F2CC91E5C218D1EFB803F59 /* [CP] Check Pods Manifest.lock */ = {
			isa = PBXShellScriptBuildPhase;
			buildActionMask = 2147483647;
			files = (
			);
			inputPaths = (
			);
			name = "[CP] Check Pods Manifest.lock";
			outputPaths = (
			);
			runOnlyForDeploymentPostprocessing = 0;
			shellPath = /bin/sh;
			shellScript = "diff \"${PODS_ROOT}/../Podfile.lock\" \"${PODS_ROOT}/Manifest.lock\" > /dev/null\nif [ $? != 0 ] ; then\n    # print error to STDERR\n    echo \"error: The sandbox is not in sync with the Podfile.lock. Run 'pod install' or update your CocoaPods installation.\" >&2\n    exit 1\nfi\n";
			showEnvVarsInLog = 0;
		};
		32EFBD5A43913B9756B2F74A /* [CP] Copy Pods Resources */ = {
			isa = PBXShellScriptBuildPhase;
			buildActionMask = 2147483647;
			files = (
			);
			inputPaths = (
			);
			name = "[CP] Copy Pods Resources";
			outputPaths = (
			);
			runOnlyForDeploymentPostprocessing = 0;
			shellPath = /bin/sh;
			shellScript = "\"${SRCROOT}/Pods/Target Support Files/Pods-swiftsampleprojectTests/Pods-swiftsampleprojectTests-resources.sh\"\n";
			showEnvVarsInLog = 0;
		};
		4B914CFD913FC8EF83850642 /* [CP] Check Pods Manifest.lock */ = {
			isa = PBXShellScriptBuildPhase;
			buildActionMask = 2147483647;
			files = (
			);
			inputPaths = (
			);
			name = "[CP] Check Pods Manifest.lock";
			outputPaths = (
			);
			runOnlyForDeploymentPostprocessing = 0;
			shellPath = /bin/sh;
			shellScript = "diff \"${PODS_ROOT}/../Podfile.lock\" \"${PODS_ROOT}/Manifest.lock\" > /dev/null\nif [ $? != 0 ] ; then\n    # print error to STDERR\n    echo \"error: The sandbox is not in sync with the Podfile.lock. Run 'pod install' or update your CocoaPods installation.\" >&2\n    exit 1\nfi\n";
			showEnvVarsInLog = 0;
		};
		5602D06DDC6D2E38D85EC86B /* [CP] Check Pods Manifest.lock */ = {
			isa = PBXShellScriptBuildPhase;
			buildActionMask = 2147483647;
			files = (
			);
			inputPaths = (
			);
			name = "[CP] Check Pods Manifest.lock";
			outputPaths = (
			);
			runOnlyForDeploymentPostprocessing = 0;
			shellPath = /bin/sh;
			shellScript = "diff \"${PODS_ROOT}/../Podfile.lock\" \"${PODS_ROOT}/Manifest.lock\" > /dev/null\nif [ $? != 0 ] ; then\n    # print error to STDERR\n    echo \"error: The sandbox is not in sync with the Podfile.lock. Run 'pod install' or update your CocoaPods installation.\" >&2\n    exit 1\nfi\n";
			showEnvVarsInLog = 0;
		};
		8803B198023271FBA67D272D /* [CP] Copy Pods Resources */ = {
			isa = PBXShellScriptBuildPhase;
			buildActionMask = 2147483647;
			files = (
			);
			inputPaths = (
			);
			name = "[CP] Copy Pods Resources";
			outputPaths = (
			);
			runOnlyForDeploymentPostprocessing = 0;
			shellPath = /bin/sh;
			shellScript = "\"${SRCROOT}/Pods/Target Support Files/Pods-swiftsampleproject/Pods-swiftsampleproject-resources.sh\"\n";
			showEnvVarsInLog = 0;
		};
		A67B1220D6E987146F9DC46E /* [CP] Embed Pods Frameworks */ = {
			isa = PBXShellScriptBuildPhase;
			buildActionMask = 2147483647;
			files = (
			);
			inputPaths = (
			);
			name = "[CP] Embed Pods Frameworks";
			outputPaths = (
			);
			runOnlyForDeploymentPostprocessing = 0;
			shellPath = /bin/sh;
			shellScript = "\"${SRCROOT}/Pods/Target Support Files/Pods-swiftsampleproject/Pods-swiftsampleproject-frameworks.sh\"\n";
			showEnvVarsInLog = 0;
		};
		B7A366BC5DCFC8776858696F /* [CP] Embed Pods Frameworks */ = {
			isa = PBXShellScriptBuildPhase;
			buildActionMask = 2147483647;
			files = (
			);
			inputPaths = (
			);
			name = "[CP] Embed Pods Frameworks";
			outputPaths = (
			);
			runOnlyForDeploymentPostprocessing = 0;
			shellPath = /bin/sh;
			shellScript = "\"${SRCROOT}/Pods/Target Support Files/Pods-swiftsampleprojectUITests/Pods-swiftsampleprojectUITests-frameworks.sh\"\n";
			showEnvVarsInLog = 0;
		};
		DB08D4FED6E0BD54BBEE061C /* [CP] Embed Pods Frameworks */ = {
			isa = PBXShellScriptBuildPhase;
			buildActionMask = 2147483647;
			files = (
			);
			inputPaths = (
			);
			name = "[CP] Embed Pods Frameworks";
			outputPaths = (
			);
			runOnlyForDeploymentPostprocessing = 0;
			shellPath = /bin/sh;
			shellScript = "\"${SRCROOT}/Pods/Target Support Files/Pods-swiftsampleprojectTests/Pods-swiftsampleprojectTests-frameworks.sh\"\n";
			showEnvVarsInLog = 0;
		};
		F2210075B6C5DCE94A6E8C06 /* [CP] Copy Pods Resources */ = {
			isa = PBXShellScriptBuildPhase;
			buildActionMask = 2147483647;
			files = (
			);
			inputPaths = (
			);
			name = "[CP] Copy Pods Resources";
			outputPaths = (
			);
			runOnlyForDeploymentPostprocessing = 0;
			shellPath = /bin/sh;
			shellScript = "\"${SRCROOT}/Pods/Target Support Files/Pods-swiftsampleprojectUITests/Pods-swiftsampleprojectUITests-resources.sh\"\n";
			showEnvVarsInLog = 0;
		};
/* End PBXShellScriptBuildPhase section */

/* Begin PBXSourcesBuildPhase section */
		3CA42BC01E2BE219001FB6DE /* Sources */ = {
			isa = PBXSourcesBuildPhase;
			buildActionMask = 2147483647;
			files = (
				3C5F5BAA1E4084D500F1725A /* LocalStorage.swift in Sources */,
				3C2396A71E3E760500E8F832 /* DataCoordinator.swift in Sources */,
				3CDD1DCD1E4135F900C1D0AF /* StartingViewController.swift in Sources */,
				3C7264281E3A7BDC00C2D0A5 /* Settings.swift in Sources */,
				3C2396B01E3E77E300E8F832 /* Comic.swift in Sources */,
				3C16D8BC1E39370100452DF1 /* AppDelegate.swift in Sources */,
				3C2396B41E3E7AD400E8F832 /* SettingsManager.swift in Sources */,
				3C2396BA1E3EB1EC00E8F832 /* ServiceProtocols.swift in Sources */,
				3C72642A1E3A7F8600C2D0A5 /* Constants.swift in Sources */,
				3C2396AB1E3E768200E8F832 /* ComicsListViewController.swift in Sources */,
				3C0690D71E3E698900C24AEA /* Networking.swift in Sources */,
				3C2396B71E3E7C3800E8F832 /* SettingsViewController.swift in Sources */,
				3CEB1F431E40A45300BB718E /* RLMComic.swift in Sources */,
				3CDD1DD11E41365100C1D0AF /* AppController.swift in Sources */,
			);
			runOnlyForDeploymentPostprocessing = 0;
		};
		3CA42BD41E2BE21A001FB6DE /* Sources */ = {
			isa = PBXSourcesBuildPhase;
			buildActionMask = 2147483647;
			files = (
				3CEB1F441E40A45300BB718E /* RLMComic.swift in Sources */,
				3C2396B51E3E7AD400E8F832 /* SettingsManager.swift in Sources */,
				3CDD1DCE1E4135F900C1D0AF /* StartingViewController.swift in Sources */,
				3C16D8BE1E39370800452DF1 /* AppDelegate.swift in Sources */,
				3C2396B11E3E77E300E8F832 /* Comic.swift in Sources */,
				3CDD1DD21E41365100C1D0AF /* AppController.swift in Sources */,
				3C2396BB1E3EB1EC00E8F832 /* ServiceProtocols.swift in Sources */,
				3C2396B81E3E7C3800E8F832 /* SettingsViewController.swift in Sources */,
				3CA42BDD1E2BE21A001FB6DE /* swiftsampleprojectTests.swift in Sources */,
			);
			runOnlyForDeploymentPostprocessing = 0;
		};
		3CA42BDF1E2BE21A001FB6DE /* Sources */ = {
			isa = PBXSourcesBuildPhase;
			buildActionMask = 2147483647;
			files = (
				3CA42BE81E2BE21A001FB6DE /* swiftsampleprojectUITests.swift in Sources */,
			);
			runOnlyForDeploymentPostprocessing = 0;
		};
/* End PBXSourcesBuildPhase section */

/* Begin PBXTargetDependency section */
		3CA42BDA1E2BE21A001FB6DE /* PBXTargetDependency */ = {
			isa = PBXTargetDependency;
			target = 3CA42BC31E2BE219001FB6DE /* swiftsampleproject */;
			targetProxy = 3CA42BD91E2BE21A001FB6DE /* PBXContainerItemProxy */;
		};
		3CA42BE51E2BE21A001FB6DE /* PBXTargetDependency */ = {
			isa = PBXTargetDependency;
			target = 3CA42BC31E2BE219001FB6DE /* swiftsampleproject */;
			targetProxy = 3CA42BE41E2BE21A001FB6DE /* PBXContainerItemProxy */;
		};
/* End PBXTargetDependency section */

/* Begin PBXVariantGroup section */
		3C16D8851E39370100452DF1 /* LaunchScreen.storyboard */ = {
			isa = PBXVariantGroup;
			children = (
				3C16D8861E39370100452DF1 /* Base */,
			);
			name = LaunchScreen.storyboard;
			sourceTree = "<group>";
		};
		3C16D8871E39370100452DF1 /* Main.storyboard */ = {
			isa = PBXVariantGroup;
			children = (
				3C16D8881E39370100452DF1 /* Base */,
			);
			name = Main.storyboard;
			sourceTree = "<group>";
		};
/* End PBXVariantGroup section */

/* Begin XCBuildConfiguration section */
		3CA42BEA1E2BE21A001FB6DE /* Debug */ = {
			isa = XCBuildConfiguration;
			buildSettings = {
				ALWAYS_SEARCH_USER_PATHS = NO;
				CLANG_ANALYZER_NONNULL = YES;
				CLANG_CXX_LANGUAGE_STANDARD = "gnu++0x";
				CLANG_CXX_LIBRARY = "libc++";
				CLANG_ENABLE_MODULES = YES;
				CLANG_ENABLE_OBJC_ARC = YES;
				CLANG_WARN_BOOL_CONVERSION = YES;
				CLANG_WARN_CONSTANT_CONVERSION = YES;
				CLANG_WARN_DIRECT_OBJC_ISA_USAGE = YES_ERROR;
				CLANG_WARN_DOCUMENTATION_COMMENTS = YES;
				CLANG_WARN_EMPTY_BODY = YES;
				CLANG_WARN_ENUM_CONVERSION = YES;
				CLANG_WARN_INFINITE_RECURSION = YES;
				CLANG_WARN_INT_CONVERSION = YES;
				CLANG_WARN_OBJC_ROOT_CLASS = YES_ERROR;
				CLANG_WARN_SUSPICIOUS_MOVE = YES;
				CLANG_WARN_UNREACHABLE_CODE = YES;
				CLANG_WARN__DUPLICATE_METHOD_MATCH = YES;
				"CODE_SIGN_IDENTITY[sdk=iphoneos*]" = "iPhone Developer";
				COPY_PHASE_STRIP = NO;
				DEBUG_INFORMATION_FORMAT = dwarf;
				ENABLE_STRICT_OBJC_MSGSEND = YES;
				ENABLE_TESTABILITY = YES;
				GCC_C_LANGUAGE_STANDARD = gnu99;
				GCC_DYNAMIC_NO_PIC = NO;
				GCC_NO_COMMON_BLOCKS = YES;
				GCC_OPTIMIZATION_LEVEL = 0;
				GCC_PREPROCESSOR_DEFINITIONS = (
					"DEBUG=1",
					"$(inherited)",
				);
				GCC_WARN_64_TO_32_BIT_CONVERSION = YES;
				GCC_WARN_ABOUT_RETURN_TYPE = YES_ERROR;
				GCC_WARN_UNDECLARED_SELECTOR = YES;
				GCC_WARN_UNINITIALIZED_AUTOS = YES_AGGRESSIVE;
				GCC_WARN_UNUSED_FUNCTION = YES;
				GCC_WARN_UNUSED_VARIABLE = YES;
				IPHONEOS_DEPLOYMENT_TARGET = 10.2;
				MTL_ENABLE_DEBUG_INFO = YES;
				ONLY_ACTIVE_ARCH = YES;
				SDKROOT = iphoneos;
				SWIFT_ACTIVE_COMPILATION_CONDITIONS = DEBUG;
				SWIFT_OPTIMIZATION_LEVEL = "-Onone";
				TARGETED_DEVICE_FAMILY = "1,2";
			};
			name = Debug;
		};
		3CA42BEB1E2BE21A001FB6DE /* Release */ = {
			isa = XCBuildConfiguration;
			buildSettings = {
				ALWAYS_SEARCH_USER_PATHS = NO;
				CLANG_ANALYZER_NONNULL = YES;
				CLANG_CXX_LANGUAGE_STANDARD = "gnu++0x";
				CLANG_CXX_LIBRARY = "libc++";
				CLANG_ENABLE_MODULES = YES;
				CLANG_ENABLE_OBJC_ARC = YES;
				CLANG_WARN_BOOL_CONVERSION = YES;
				CLANG_WARN_CONSTANT_CONVERSION = YES;
				CLANG_WARN_DIRECT_OBJC_ISA_USAGE = YES_ERROR;
				CLANG_WARN_DOCUMENTATION_COMMENTS = YES;
				CLANG_WARN_EMPTY_BODY = YES;
				CLANG_WARN_ENUM_CONVERSION = YES;
				CLANG_WARN_INFINITE_RECURSION = YES;
				CLANG_WARN_INT_CONVERSION = YES;
				CLANG_WARN_OBJC_ROOT_CLASS = YES_ERROR;
				CLANG_WARN_SUSPICIOUS_MOVE = YES;
				CLANG_WARN_UNREACHABLE_CODE = YES;
				CLANG_WARN__DUPLICATE_METHOD_MATCH = YES;
				"CODE_SIGN_IDENTITY[sdk=iphoneos*]" = "iPhone Developer";
				COPY_PHASE_STRIP = NO;
				DEBUG_INFORMATION_FORMAT = "dwarf-with-dsym";
				ENABLE_NS_ASSERTIONS = NO;
				ENABLE_STRICT_OBJC_MSGSEND = YES;
				GCC_C_LANGUAGE_STANDARD = gnu99;
				GCC_NO_COMMON_BLOCKS = YES;
				GCC_WARN_64_TO_32_BIT_CONVERSION = YES;
				GCC_WARN_ABOUT_RETURN_TYPE = YES_ERROR;
				GCC_WARN_UNDECLARED_SELECTOR = YES;
				GCC_WARN_UNINITIALIZED_AUTOS = YES_AGGRESSIVE;
				GCC_WARN_UNUSED_FUNCTION = YES;
				GCC_WARN_UNUSED_VARIABLE = YES;
				IPHONEOS_DEPLOYMENT_TARGET = 10.2;
				MTL_ENABLE_DEBUG_INFO = NO;
				SDKROOT = iphoneos;
				SWIFT_OPTIMIZATION_LEVEL = "-Owholemodule";
				TARGETED_DEVICE_FAMILY = "1,2";
				VALIDATE_PRODUCT = YES;
			};
			name = Release;
		};
		3CA42BED1E2BE21A001FB6DE /* Debug */ = {
			isa = XCBuildConfiguration;
			baseConfigurationReference = 9F24B85AC41452A6FF99D7C0 /* Pods-swiftsampleproject.debug.xcconfig */;
			buildSettings = {
				ASSETCATALOG_COMPILER_APPICON_NAME = AppIcon;
				DEVELOPMENT_TEAM = TA43PW6BTF;
				INFOPLIST_FILE = "$(SRCROOT)/swiftsampleproject/SupportingFiles/Info.plist";
				IPHONEOS_DEPLOYMENT_TARGET = 10.0;
				LD_RUNPATH_SEARCH_PATHS = "$(inherited) @executable_path/Frameworks";
				PRODUCT_BUNDLE_IDENTIFIER = "me.t-91.swiftsampleproject";
				PRODUCT_NAME = "$(TARGET_NAME)";
				SWIFT_VERSION = 3.0;
				TARGETED_DEVICE_FAMILY = 1;
			};
			name = Debug;
		};
		3CA42BEE1E2BE21A001FB6DE /* Release */ = {
			isa = XCBuildConfiguration;
			baseConfigurationReference = AC0B5FF57F428980CE5FF512 /* Pods-swiftsampleproject.release.xcconfig */;
			buildSettings = {
				ASSETCATALOG_COMPILER_APPICON_NAME = AppIcon;
				DEVELOPMENT_TEAM = TA43PW6BTF;
				INFOPLIST_FILE = "$(SRCROOT)/swiftsampleproject/SupportingFiles/Info.plist";
				IPHONEOS_DEPLOYMENT_TARGET = 10.0;
				LD_RUNPATH_SEARCH_PATHS = "$(inherited) @executable_path/Frameworks";
				PRODUCT_BUNDLE_IDENTIFIER = "me.t-91.swiftsampleproject";
				PRODUCT_NAME = "$(TARGET_NAME)";
				SWIFT_VERSION = 3.0;
				TARGETED_DEVICE_FAMILY = 1;
			};
			name = Release;
		};
		3CA42BF01E2BE21A001FB6DE /* Debug */ = {
			isa = XCBuildConfiguration;
			baseConfigurationReference = 3513348595CDC06F32ECC043 /* Pods-swiftsampleprojectTests.debug.xcconfig */;
			buildSettings = {
				ALWAYS_EMBED_SWIFT_STANDARD_LIBRARIES = YES;
				BUNDLE_LOADER = "$(TEST_HOST)";
				INFOPLIST_FILE = swiftsampleprojectTests/Info.plist;
				LD_RUNPATH_SEARCH_PATHS = "$(inherited) @executable_path/Frameworks @loader_path/Frameworks";
				PRODUCT_BUNDLE_IDENTIFIER = "me.t-91.swiftsampleprojectTests";
				PRODUCT_NAME = "$(TARGET_NAME)";
				SWIFT_VERSION = 3.0;
				TEST_HOST = "$(BUILT_PRODUCTS_DIR)/swiftsampleproject.app/swiftsampleproject";
			};
			name = Debug;
		};
		3CA42BF11E2BE21A001FB6DE /* Release */ = {
			isa = XCBuildConfiguration;
			baseConfigurationReference = B60C4046F6E639B2335992D9 /* Pods-swiftsampleprojectTests.release.xcconfig */;
			buildSettings = {
				ALWAYS_EMBED_SWIFT_STANDARD_LIBRARIES = YES;
				BUNDLE_LOADER = "$(TEST_HOST)";
				INFOPLIST_FILE = swiftsampleprojectTests/Info.plist;
				LD_RUNPATH_SEARCH_PATHS = "$(inherited) @executable_path/Frameworks @loader_path/Frameworks";
				PRODUCT_BUNDLE_IDENTIFIER = "me.t-91.swiftsampleprojectTests";
				PRODUCT_NAME = "$(TARGET_NAME)";
				SWIFT_VERSION = 3.0;
				TEST_HOST = "$(BUILT_PRODUCTS_DIR)/swiftsampleproject.app/swiftsampleproject";
			};
			name = Release;
		};
		3CA42BF31E2BE21A001FB6DE /* Debug */ = {
			isa = XCBuildConfiguration;
			baseConfigurationReference = 7E021AD9538EE3DC81939D80 /* Pods-swiftsampleprojectUITests.debug.xcconfig */;
			buildSettings = {
				ALWAYS_EMBED_SWIFT_STANDARD_LIBRARIES = YES;
				INFOPLIST_FILE = swiftsampleprojectUITests/Info.plist;
				LD_RUNPATH_SEARCH_PATHS = "$(inherited) @executable_path/Frameworks @loader_path/Frameworks";
				PRODUCT_BUNDLE_IDENTIFIER = "me.t-91.swiftsampleprojectUITests";
				PRODUCT_NAME = "$(TARGET_NAME)";
				SWIFT_VERSION = 3.0;
				TEST_TARGET_NAME = swiftsampleproject;
			};
			name = Debug;
		};
		3CA42BF41E2BE21A001FB6DE /* Release */ = {
			isa = XCBuildConfiguration;
			baseConfigurationReference = 4E8ACB55866AAEC52F5EAABE /* Pods-swiftsampleprojectUITests.release.xcconfig */;
			buildSettings = {
				ALWAYS_EMBED_SWIFT_STANDARD_LIBRARIES = YES;
				INFOPLIST_FILE = swiftsampleprojectUITests/Info.plist;
				LD_RUNPATH_SEARCH_PATHS = "$(inherited) @executable_path/Frameworks @loader_path/Frameworks";
				PRODUCT_BUNDLE_IDENTIFIER = "me.t-91.swiftsampleprojectUITests";
				PRODUCT_NAME = "$(TARGET_NAME)";
				SWIFT_VERSION = 3.0;
				TEST_TARGET_NAME = swiftsampleproject;
			};
			name = Release;
		};
/* End XCBuildConfiguration section */

/* Begin XCConfigurationList section */
		3CA42BBF1E2BE219001FB6DE /* Build configuration list for PBXProject "swiftsampleproject" */ = {
			isa = XCConfigurationList;
			buildConfigurations = (
				3CA42BEA1E2BE21A001FB6DE /* Debug */,
				3CA42BEB1E2BE21A001FB6DE /* Release */,
			);
			defaultConfigurationIsVisible = 0;
			defaultConfigurationName = Release;
		};
		3CA42BEC1E2BE21A001FB6DE /* Build configuration list for PBXNativeTarget "swiftsampleproject" */ = {
			isa = XCConfigurationList;
			buildConfigurations = (
				3CA42BED1E2BE21A001FB6DE /* Debug */,
				3CA42BEE1E2BE21A001FB6DE /* Release */,
			);
			defaultConfigurationIsVisible = 0;
			defaultConfigurationName = Release;
		};
		3CA42BEF1E2BE21A001FB6DE /* Build configuration list for PBXNativeTarget "swiftsampleprojectTests" */ = {
			isa = XCConfigurationList;
			buildConfigurations = (
				3CA42BF01E2BE21A001FB6DE /* Debug */,
				3CA42BF11E2BE21A001FB6DE /* Release */,
			);
			defaultConfigurationIsVisible = 0;
			defaultConfigurationName = Release;
		};
		3CA42BF21E2BE21A001FB6DE /* Build configuration list for PBXNativeTarget "swiftsampleprojectUITests" */ = {
			isa = XCConfigurationList;
			buildConfigurations = (
				3CA42BF31E2BE21A001FB6DE /* Debug */,
				3CA42BF41E2BE21A001FB6DE /* Release */,
			);
			defaultConfigurationIsVisible = 0;
			defaultConfigurationName = Release;
		};
/* End XCConfigurationList section */
	};
	rootObject = 3CA42BBC1E2BE219001FB6DE /* Project object */;
}
